PODS:
  - Alamofire (5.7.1)
  - Cosmos (23.0.0)
  - RxSwift (6.5.0)
  - SDWebImage (5.15.8):
    - SDWebImage/Core (= 5.15.8)
  - SDWebImage/Core (5.15.8)
  - SwiftMessages (9.0.6):
    - SwiftMessages/App (= 9.0.6)
  - SwiftMessages/App (9.0.6)

DEPENDENCIES:
  - Alamofire
  - Cosmos
  - RxSwift
  - SDWebImage
  - SwiftMessages

SPEC REPOS:
  trunk:
    - Alamofire
    - Cosmos
    - RxSwift
    - SDWebImage
    - SwiftMessages

SPEC CHECKSUMS:
  Alamofire: 0123a34370cb170936ae79a8df46cc62b2edeb88
  Cosmos: b5c6a9a637e28a061b54c8f8b1d8529d7d4db73f
  RxSwift: 5710a9e6b17f3c3d6e40d6e559b9fa1e813b2ef8
  SDWebImage: cb032eba469c54e0000e78bcb0a13cdde0a52798
  SwiftMessages: f0c7ef4705a570ad6c5e208b611f4333e660ed92

PODFILE CHECKSUM: 76264c701cbc12e81802fe2e49efb178bf1576f0

COCOAPODS: 1.12.1
