// !$*UTF8*$!
{
	archiveVersion = 1;
	classes = {
	};
	objectVersion = 56;
	objects = {

/* Begin PBXBuildFile section */
		1E08C0302A3DEBAB00E9E000 /* UIStoryboard+Extensions.swift in Sources */ = {isa = PBXBuildFile; fileRef = 1E08C02F2A3DEBAB00E9E000 /* UIStoryboard+Extensions.swift */; };
		1E08C0322A3DED5C00E9E000 /* MovieDetailsViewController.swift in Sources */ = {isa = PBXBuildFile; fileRef = 1E08C0312A3DED5C00E9E000 /* MovieDetailsViewController.swift */; };
		1E08C0342A3DEDE000E9E000 /* UINavigationItem+Extensions.swift in Sources */ = {isa = PBXBuildFile; fileRef = 1E08C0332A3DEDDF00E9E000 /* UINavigationItem+Extensions.swift */; };
		1E38D8F62A3D27D600F26374 /* MovieCell.xib in Resources */ = {isa = PBXBuildFile; fileRef = 1E38D8F52A3D27D600F26374 /* MovieCell.xib */; };
		1E38D8F82A3D2B0300F26374 /* MovieCell.swift in Sources */ = {isa = PBXBuildFile; fileRef = 1E38D8F72A3D2B0300F26374 /* MovieCell.swift */; };
		1E38D8FA2A3D2BE700F26374 /* UITableView+Extensions.swift in Sources */ = {isa = PBXBuildFile; fileRef = 1E38D8F92A3D2BE700F26374 /* UITableView+Extensions.swift */; };
		1E38D8FC2A3D2FE300F26374 /* UINavigationBar+Extensions.swift in Sources */ = {isa = PBXBuildFile; fileRef = 1E38D8FB2A3D2FE300F26374 /* UINavigationBar+Extensions.swift */; };
		1E38D9032A3D32E300F26374 /* Poppins-Bold.ttf in Resources */ = {isa = PBXBuildFile; fileRef = 1E38D8FE2A3D32E300F26374 /* Poppins-Bold.ttf */; };
		1E38D9042A3D32E300F26374 /* Poppins-Light.ttf in Resources */ = {isa = PBXBuildFile; fileRef = 1E38D8FF2A3D32E300F26374 /* Poppins-Light.ttf */; };
		1E38D9052A3D32E300F26374 /* Poppins-Medium.ttf in Resources */ = {isa = PBXBuildFile; fileRef = 1E38D9002A3D32E300F26374 /* Poppins-Medium.ttf */; };
		1E38D9062A3D32E300F26374 /* Poppins-SemiBold.ttf in Resources */ = {isa = PBXBuildFile; fileRef = 1E38D9012A3D32E300F26374 /* Poppins-SemiBold.ttf */; };
		1E38D9072A3D32E300F26374 /* Poppins-Regular.ttf in Resources */ = {isa = PBXBuildFile; fileRef = 1E38D9022A3D32E300F26374 /* Poppins-Regular.ttf */; };
		1E38D9092A3D33C400F26374 /* Enums.swift in Sources */ = {isa = PBXBuildFile; fileRef = 1E38D9082A3D33C400F26374 /* Enums.swift */; };
		1E38D90B2A3D33F500F26374 /* Utilities.swift in Sources */ = {isa = PBXBuildFile; fileRef = 1E38D90A2A3D33F500F26374 /* Utilities.swift */; };
		1E38D90D2A3D364D00F26374 /* ColorManager.swift in Sources */ = {isa = PBXBuildFile; fileRef = 1E38D90C2A3D364D00F26374 /* ColorManager.swift */; };
		1E38D9102A3D368A00F26374 /* Colors.xcassets in Resources */ = {isa = PBXBuildFile; fileRef = 1E38D90F2A3D368A00F26374 /* Colors.xcassets */; };
		1E38D9122A3D388600F26374 /* UIImageView+Extensions.swift in Sources */ = {isa = PBXBuildFile; fileRef = 1E38D9112A3D388600F26374 /* UIImageView+Extensions.swift */; };
		1E38D9162A3D410400F26374 /* LoadingIndicatorView.swift in Sources */ = {isa = PBXBuildFile; fileRef = 1E38D9152A3D410400F26374 /* LoadingIndicatorView.swift */; };
		1E38D9182A3D441700F26374 /* UIViewController+Extensions.swift in Sources */ = {isa = PBXBuildFile; fileRef = 1E38D9172A3D441700F26374 /* UIViewController+Extensions.swift */; };
		1E38D91A2A3D450D00F26374 /* Strings.swift in Sources */ = {isa = PBXBuildFile; fileRef = 1E38D9192A3D450D00F26374 /* Strings.swift */; };
		1E579F682A3CA31F004851A9 /* AppDelegate.swift in Sources */ = {isa = PBXBuildFile; fileRef = 1E579F672A3CA31F004851A9 /* AppDelegate.swift */; };
		1E579F6A2A3CA31F004851A9 /* SceneDelegate.swift in Sources */ = {isa = PBXBuildFile; fileRef = 1E579F692A3CA31F004851A9 /* SceneDelegate.swift */; };
		1E579F6F2A3CA31F004851A9 /* Main.storyboard in Resources */ = {isa = PBXBuildFile; fileRef = 1E579F6D2A3CA31F004851A9 /* Main.storyboard */; };
		1E579F722A3CA320004851A9 /* MyMovies.xcdatamodeld in Sources */ = {isa = PBXBuildFile; fileRef = 1E579F702A3CA320004851A9 /* MyMovies.xcdatamodeld */; };
		1E579F742A3CA321004851A9 /* Assets.xcassets in Resources */ = {isa = PBXBuildFile; fileRef = 1E579F732A3CA321004851A9 /* Assets.xcassets */; };
		1E579F772A3CA321004851A9 /* LaunchScreen.storyboard in Resources */ = {isa = PBXBuildFile; fileRef = 1E579F752A3CA321004851A9 /* LaunchScreen.storyboard */; };
		1E579F822A3CA322004851A9 /* MyMoviesTests.swift in Sources */ = {isa = PBXBuildFile; fileRef = 1E579F812A3CA322004851A9 /* MyMoviesTests.swift */; };
		1E579F8C2A3CA322004851A9 /* MyMoviesUITests.swift in Sources */ = {isa = PBXBuildFile; fileRef = 1E579F8B2A3CA322004851A9 /* MyMoviesUITests.swift */; };
		1E579F8E2A3CA322004851A9 /* MyMoviesUITestsLaunchTests.swift in Sources */ = {isa = PBXBuildFile; fileRef = 1E579F8D2A3CA322004851A9 /* MyMoviesUITestsLaunchTests.swift */; };
		1E579FB42A3CAB4F004851A9 /* MovieViewModel.swift in Sources */ = {isa = PBXBuildFile; fileRef = 1E579FB32A3CAB4F004851A9 /* MovieViewModel.swift */; };
		1E579FB62A3CB07B004851A9 /* APIEndpoint.swift in Sources */ = {isa = PBXBuildFile; fileRef = 1E579FB52A3CB07B004851A9 /* APIEndpoint.swift */; };
		1E579FB82A3CB089004851A9 /* APIClient.swift in Sources */ = {isa = PBXBuildFile; fileRef = 1E579FB72A3CB089004851A9 /* APIClient.swift */; };
		1E579FBC2A3CB3B6004851A9 /* MovieDetails.storyboard in Resources */ = {isa = PBXBuildFile; fileRef = 1E579FBB2A3CB3B6004851A9 /* MovieDetails.storyboard */; };
		1E579FBE2A3CB3F9004851A9 /* HomeViewController.swift in Sources */ = {isa = PBXBuildFile; fileRef = 1E579FBD2A3CB3F9004851A9 /* HomeViewController.swift */; };
		1E579FC02A3CB677004851A9 /* Constants.swift in Sources */ = {isa = PBXBuildFile; fileRef = 1E579FBF2A3CB677004851A9 /* Constants.swift */; };
		1E579FC22A3CBF40004851A9 /* Movie.swift in Sources */ = {isa = PBXBuildFile; fileRef = 1E579FC12A3CBF40004851A9 /* Movie.swift */; };
		2EB9241172DD9CCE8DA514E8 /* Pods_MyMovies.framework in Frameworks */ = {isa = PBXBuildFile; fileRef = 8F079CC2CA3213B1D1991B5B /* Pods_MyMovies.framework */; };
		A19244A6CD26897E44961169 /* Pods_MyMoviesTests.framework in Frameworks */ = {isa = PBXBuildFile; fileRef = 2E851307877E94ABCAA3DD2D /* Pods_MyMoviesTests.framework */; };
		EBB5E17BFAF8A9463A5BD658 /* Pods_MyMovies_MyMoviesUITests.framework in Frameworks */ = {isa = PBXBuildFile; fileRef = 870C32E32D03361BE130F28B /* Pods_MyMovies_MyMoviesUITests.framework */; };
/* End PBXBuildFile section */

/* Begin PBXContainerItemProxy section */
		1E579F7E2A3CA322004851A9 /* PBXContainerItemProxy */ = {
			isa = PBXContainerItemProxy;
			containerPortal = 1E579F5C2A3CA31F004851A9 /* Project object */;
			proxyType = 1;
			remoteGlobalIDString = 1E579F632A3CA31F004851A9;
			remoteInfo = MyMovies;
		};
		1E579F882A3CA322004851A9 /* PBXContainerItemProxy */ = {
			isa = PBXContainerItemProxy;
			containerPortal = 1E579F5C2A3CA31F004851A9 /* Project object */;
			proxyType = 1;
			remoteGlobalIDString = 1E579F632A3CA31F004851A9;
			remoteInfo = MyMovies;
		};
/* End PBXContainerItemProxy section */

/* Begin PBXFileReference section */
		0F1EEF73ACEC6BD95B110356 /* Pods-MyMovies-MyMoviesUITests.release.xcconfig */ = {isa = PBXFileReference; includeInIndex = 1; lastKnownFileType = text.xcconfig; name = "Pods-MyMovies-MyMoviesUITests.release.xcconfig"; path = "Target Support Files/Pods-MyMovies-MyMoviesUITests/Pods-MyMovies-MyMoviesUITests.release.xcconfig"; sourceTree = "<group>"; };
		1E08C02F2A3DEBAB00E9E000 /* UIStoryboard+Extensions.swift */ = {isa = PBXFileReference; lastKnownFileType = sourcecode.swift; path = "UIStoryboard+Extensions.swift"; sourceTree = "<group>"; };
		1E08C0312A3DED5C00E9E000 /* MovieDetailsViewController.swift */ = {isa = PBXFileReference; lastKnownFileType = sourcecode.swift; path = MovieDetailsViewController.swift; sourceTree = "<group>"; };
		1E08C0332A3DEDDF00E9E000 /* UINavigationItem+Extensions.swift */ = {isa = PBXFileReference; lastKnownFileType = sourcecode.swift; path = "UINavigationItem+Extensions.swift"; sourceTree = "<group>"; };
		1E38D8F52A3D27D600F26374 /* MovieCell.xib */ = {isa = PBXFileReference; lastKnownFileType = file.xib; path = MovieCell.xib; sourceTree = "<group>"; };
		1E38D8F72A3D2B0300F26374 /* MovieCell.swift */ = {isa = PBXFileReference; lastKnownFileType = sourcecode.swift; path = MovieCell.swift; sourceTree = "<group>"; };
		1E38D8F92A3D2BE700F26374 /* UITableView+Extensions.swift */ = {isa = PBXFileReference; lastKnownFileType = sourcecode.swift; path = "UITableView+Extensions.swift"; sourceTree = "<group>"; };
		1E38D8FB2A3D2FE300F26374 /* UINavigationBar+Extensions.swift */ = {isa = PBXFileReference; lastKnownFileType = sourcecode.swift; path = "UINavigationBar+Extensions.swift"; sourceTree = "<group>"; };
		1E38D8FE2A3D32E300F26374 /* Poppins-Bold.ttf */ = {isa = PBXFileReference; lastKnownFileType = file; path = "Poppins-Bold.ttf"; sourceTree = "<group>"; };
		1E38D8FF2A3D32E300F26374 /* Poppins-Light.ttf */ = {isa = PBXFileReference; lastKnownFileType = file; path = "Poppins-Light.ttf"; sourceTree = "<group>"; };
		1E38D9002A3D32E300F26374 /* Poppins-Medium.ttf */ = {isa = PBXFileReference; lastKnownFileType = file; path = "Poppins-Medium.ttf"; sourceTree = "<group>"; };
		1E38D9012A3D32E300F26374 /* Poppins-SemiBold.ttf */ = {isa = PBXFileReference; lastKnownFileType = file; path = "Poppins-SemiBold.ttf"; sourceTree = "<group>"; };
		1E38D9022A3D32E300F26374 /* Poppins-Regular.ttf */ = {isa = PBXFileReference; lastKnownFileType = file; path = "Poppins-Regular.ttf"; sourceTree = "<group>"; };
		1E38D9082A3D33C400F26374 /* Enums.swift */ = {isa = PBXFileReference; lastKnownFileType = sourcecode.swift; path = Enums.swift; sourceTree = "<group>"; };
		1E38D90A2A3D33F500F26374 /* Utilities.swift */ = {isa = PBXFileReference; lastKnownFileType = sourcecode.swift; path = Utilities.swift; sourceTree = "<group>"; };
		1E38D90C2A3D364D00F26374 /* ColorManager.swift */ = {isa = PBXFileReference; lastKnownFileType = sourcecode.swift; path = ColorManager.swift; sourceTree = "<group>"; };
		1E38D90F2A3D368A00F26374 /* Colors.xcassets */ = {isa = PBXFileReference; lastKnownFileType = folder.assetcatalog; path = Colors.xcassets; sourceTree = "<group>"; };
		1E38D9112A3D388600F26374 /* UIImageView+Extensions.swift */ = {isa = PBXFileReference; lastKnownFileType = sourcecode.swift; path = "UIImageView+Extensions.swift"; sourceTree = "<group>"; };
		1E38D9152A3D410400F26374 /* LoadingIndicatorView.swift */ = {isa = PBXFileReference; lastKnownFileType = sourcecode.swift; path = LoadingIndicatorView.swift; sourceTree = "<group>"; };
		1E38D9172A3D441700F26374 /* UIViewController+Extensions.swift */ = {isa = PBXFileReference; lastKnownFileType = sourcecode.swift; path = "UIViewController+Extensions.swift"; sourceTree = "<group>"; };
		1E38D9192A3D450D00F26374 /* Strings.swift */ = {isa = PBXFileReference; lastKnownFileType = sourcecode.swift; path = Strings.swift; sourceTree = "<group>"; };
		1E579F642A3CA31F004851A9 /* MyMovies.app */ = {isa = PBXFileReference; explicitFileType = wrapper.application; includeInIndex = 0; path = MyMovies.app; sourceTree = BUILT_PRODUCTS_DIR; };
		1E579F672A3CA31F004851A9 /* AppDelegate.swift */ = {isa = PBXFileReference; lastKnownFileType = sourcecode.swift; path = AppDelegate.swift; sourceTree = "<group>"; };
		1E579F692A3CA31F004851A9 /* SceneDelegate.swift */ = {isa = PBXFileReference; lastKnownFileType = sourcecode.swift; path = SceneDelegate.swift; sourceTree = "<group>"; };
		1E579F6E2A3CA31F004851A9 /* Base */ = {isa = PBXFileReference; lastKnownFileType = file.storyboard; name = Base; path = Base.lproj/Main.storyboard; sourceTree = "<group>"; };
		1E579F712A3CA320004851A9 /* MyMovies.xcdatamodel */ = {isa = PBXFileReference; lastKnownFileType = wrapper.xcdatamodel; path = MyMovies.xcdatamodel; sourceTree = "<group>"; };
		1E579F732A3CA321004851A9 /* Assets.xcassets */ = {isa = PBXFileReference; lastKnownFileType = folder.assetcatalog; path = Assets.xcassets; sourceTree = "<group>"; };
		1E579F762A3CA321004851A9 /* Base */ = {isa = PBXFileReference; lastKnownFileType = file.storyboard; name = Base; path = Base.lproj/LaunchScreen.storyboard; sourceTree = "<group>"; };
		1E579F782A3CA321004851A9 /* Info.plist */ = {isa = PBXFileReference; lastKnownFileType = text.plist.xml; path = Info.plist; sourceTree = "<group>"; };
		1E579F7D2A3CA322004851A9 /* MyMoviesTests.xctest */ = {isa = PBXFileReference; explicitFileType = wrapper.cfbundle; includeInIndex = 0; path = MyMoviesTests.xctest; sourceTree = BUILT_PRODUCTS_DIR; };
		1E579F812A3CA322004851A9 /* MyMoviesTests.swift */ = {isa = PBXFileReference; lastKnownFileType = sourcecode.swift; path = MyMoviesTests.swift; sourceTree = "<group>"; };
		1E579F872A3CA322004851A9 /* MyMoviesUITests.xctest */ = {isa = PBXFileReference; explicitFileType = wrapper.cfbundle; includeInIndex = 0; path = MyMoviesUITests.xctest; sourceTree = BUILT_PRODUCTS_DIR; };
		1E579F8B2A3CA322004851A9 /* MyMoviesUITests.swift */ = {isa = PBXFileReference; lastKnownFileType = sourcecode.swift; path = MyMoviesUITests.swift; sourceTree = "<group>"; };
		1E579F8D2A3CA322004851A9 /* MyMoviesUITestsLaunchTests.swift */ = {isa = PBXFileReference; lastKnownFileType = sourcecode.swift; path = MyMoviesUITestsLaunchTests.swift; sourceTree = "<group>"; };
		1E579FB32A3CAB4F004851A9 /* MovieViewModel.swift */ = {isa = PBXFileReference; lastKnownFileType = sourcecode.swift; path = MovieViewModel.swift; sourceTree = "<group>"; };
		1E579FB52A3CB07B004851A9 /* APIEndpoint.swift */ = {isa = PBXFileReference; lastKnownFileType = sourcecode.swift; path = APIEndpoint.swift; sourceTree = "<group>"; };
		1E579FB72A3CB089004851A9 /* APIClient.swift */ = {isa = PBXFileReference; lastKnownFileType = sourcecode.swift; path = APIClient.swift; sourceTree = "<group>"; };
		1E579FBB2A3CB3B6004851A9 /* MovieDetails.storyboard */ = {isa = PBXFileReference; lastKnownFileType = file.storyboard; path = MovieDetails.storyboard; sourceTree = "<group>"; };
		1E579FBD2A3CB3F9004851A9 /* HomeViewController.swift */ = {isa = PBXFileReference; lastKnownFileType = sourcecode.swift; path = HomeViewController.swift; sourceTree = "<group>"; };
		1E579FBF2A3CB677004851A9 /* Constants.swift */ = {isa = PBXFileReference; lastKnownFileType = sourcecode.swift; path = Constants.swift; sourceTree = "<group>"; };
		1E579FC12A3CBF40004851A9 /* Movie.swift */ = {isa = PBXFileReference; lastKnownFileType = sourcecode.swift; path = Movie.swift; sourceTree = "<group>"; };
		2E851307877E94ABCAA3DD2D /* Pods_MyMoviesTests.framework */ = {isa = PBXFileReference; explicitFileType = wrapper.framework; includeInIndex = 0; path = Pods_MyMoviesTests.framework; sourceTree = BUILT_PRODUCTS_DIR; };
		535F77BD362C57931B740094 /* Pods-MyMoviesTests.release.xcconfig */ = {isa = PBXFileReference; includeInIndex = 1; lastKnownFileType = text.xcconfig; name = "Pods-MyMoviesTests.release.xcconfig"; path = "Target Support Files/Pods-MyMoviesTests/Pods-MyMoviesTests.release.xcconfig"; sourceTree = "<group>"; };
		75141BE238774EFD6B4C1312 /* Pods-MyMoviesTests.debug.xcconfig */ = {isa = PBXFileReference; includeInIndex = 1; lastKnownFileType = text.xcconfig; name = "Pods-MyMoviesTests.debug.xcconfig"; path = "Target Support Files/Pods-MyMoviesTests/Pods-MyMoviesTests.debug.xcconfig"; sourceTree = "<group>"; };
		870C32E32D03361BE130F28B /* Pods_MyMovies_MyMoviesUITests.framework */ = {isa = PBXFileReference; explicitFileType = wrapper.framework; includeInIndex = 0; path = Pods_MyMovies_MyMoviesUITests.framework; sourceTree = BUILT_PRODUCTS_DIR; };
		8F079CC2CA3213B1D1991B5B /* Pods_MyMovies.framework */ = {isa = PBXFileReference; explicitFileType = wrapper.framework; includeInIndex = 0; path = Pods_MyMovies.framework; sourceTree = BUILT_PRODUCTS_DIR; };
		C503137511ABB87B7EF60D50 /* Pods-MyMovies-MyMoviesUITests.debug.xcconfig */ = {isa = PBXFileReference; includeInIndex = 1; lastKnownFileType = text.xcconfig; name = "Pods-MyMovies-MyMoviesUITests.debug.xcconfig"; path = "Target Support Files/Pods-MyMovies-MyMoviesUITests/Pods-MyMovies-MyMoviesUITests.debug.xcconfig"; sourceTree = "<group>"; };
		E50C6F52D5E72E6910C79504 /* Pods-MyMovies.debug.xcconfig */ = {isa = PBXFileReference; includeInIndex = 1; lastKnownFileType = text.xcconfig; name = "Pods-MyMovies.debug.xcconfig"; path = "Target Support Files/Pods-MyMovies/Pods-MyMovies.debug.xcconfig"; sourceTree = "<group>"; };
		E53061D958027E56517F3BE7 /* Pods-MyMovies.release.xcconfig */ = {isa = PBXFileReference; includeInIndex = 1; lastKnownFileType = text.xcconfig; name = "Pods-MyMovies.release.xcconfig"; path = "Target Support Files/Pods-MyMovies/Pods-MyMovies.release.xcconfig"; sourceTree = "<group>"; };
/* End PBXFileReference section */

/* Begin PBXFrameworksBuildPhase section */
		1E579F612A3CA31F004851A9 /* Frameworks */ = {
			isa = PBXFrameworksBuildPhase;
			buildActionMask = 2147483647;
			files = (
				2EB9241172DD9CCE8DA514E8 /* Pods_MyMovies.framework in Frameworks */,
			);
			runOnlyForDeploymentPostprocessing = 0;
		};
		1E579F7A2A3CA322004851A9 /* Frameworks */ = {
			isa = PBXFrameworksBuildPhase;
			buildActionMask = 2147483647;
			files = (
				A19244A6CD26897E44961169 /* Pods_MyMoviesTests.framework in Frameworks */,
			);
			runOnlyForDeploymentPostprocessing = 0;
		};
		1E579F842A3CA322004851A9 /* Frameworks */ = {
			isa = PBXFrameworksBuildPhase;
			buildActionMask = 2147483647;
			files = (
				EBB5E17BFAF8A9463A5BD658 /* Pods_MyMovies_MyMoviesUITests.framework in Frameworks */,
			);
			runOnlyForDeploymentPostprocessing = 0;
		};
/* End PBXFrameworksBuildPhase section */

/* Begin PBXGroup section */
		160A174E5CEE1598AB5B4427 /* Pods */ = {
			isa = PBXGroup;
			children = (
				E50C6F52D5E72E6910C79504 /* Pods-MyMovies.debug.xcconfig */,
				E53061D958027E56517F3BE7 /* Pods-MyMovies.release.xcconfig */,
				C503137511ABB87B7EF60D50 /* Pods-MyMovies-MyMoviesUITests.debug.xcconfig */,
				0F1EEF73ACEC6BD95B110356 /* Pods-MyMovies-MyMoviesUITests.release.xcconfig */,
				75141BE238774EFD6B4C1312 /* Pods-MyMoviesTests.debug.xcconfig */,
				535F77BD362C57931B740094 /* Pods-MyMoviesTests.release.xcconfig */,
			);
			path = Pods;
			sourceTree = "<group>";
		};
		1E38D8FD2A3D32AA00F26374 /* Fonts */ = {
			isa = PBXGroup;
			children = (
				1E38D8FE2A3D32E300F26374 /* Poppins-Bold.ttf */,
				1E38D8FF2A3D32E300F26374 /* Poppins-Light.ttf */,
				1E38D9002A3D32E300F26374 /* Poppins-Medium.ttf */,
				1E38D9022A3D32E300F26374 /* Poppins-Regular.ttf */,
				1E38D9012A3D32E300F26374 /* Poppins-SemiBold.ttf */,
			);
			path = Fonts;
			sourceTree = "<group>";
		};
		1E579F5B2A3CA31F004851A9 = {
			isa = PBXGroup;
			children = (
				1E579F662A3CA31F004851A9 /* MyMovies */,
				1E579F802A3CA322004851A9 /* MyMoviesTests */,
				1E579F8A2A3CA322004851A9 /* MyMoviesUITests */,
				1E579F652A3CA31F004851A9 /* Products */,
				160A174E5CEE1598AB5B4427 /* Pods */,
				2208138082E9FB701DCB0372 /* Frameworks */,
			);
			sourceTree = "<group>";
		};
		1E579F652A3CA31F004851A9 /* Products */ = {
			isa = PBXGroup;
			children = (
				1E579F642A3CA31F004851A9 /* MyMovies.app */,
				1E579F7D2A3CA322004851A9 /* MyMoviesTests.xctest */,
				1E579F872A3CA322004851A9 /* MyMoviesUITests.xctest */,
			);
			name = Products;
			sourceTree = "<group>";
		};
		1E579F662A3CA31F004851A9 /* MyMovies */ = {
			isa = PBXGroup;
			children = (
				1E579FAE2A3CAA3E004851A9 /* Models */,
				1E579FAD2A3CAA34004851A9 /* Views */,
				1E579FAC2A3CAA29004851A9 /* ViewModels */,
				1E579F9D2A3CA831004851A9 /* Common */,
				1E579F9B2A3CA7E6004851A9 /* Networking */,
				1E579F9A2A3CA7D4004851A9 /* Resources */,
				1E579F752A3CA321004851A9 /* LaunchScreen.storyboard */,
				1E579F672A3CA31F004851A9 /* AppDelegate.swift */,
				1E579F692A3CA31F004851A9 /* SceneDelegate.swift */,
				1E579F782A3CA321004851A9 /* Info.plist */,
				1E579F702A3CA320004851A9 /* MyMovies.xcdatamodeld */,
			);
			path = MyMovies;
			sourceTree = "<group>";
		};
		1E579F802A3CA322004851A9 /* MyMoviesTests */ = {
			isa = PBXGroup;
			children = (
				1E579F812A3CA322004851A9 /* MyMoviesTests.swift */,
			);
			path = MyMoviesTests;
			sourceTree = "<group>";
		};
		1E579F8A2A3CA322004851A9 /* MyMoviesUITests */ = {
			isa = PBXGroup;
			children = (
				1E579F8B2A3CA322004851A9 /* MyMoviesUITests.swift */,
				1E579F8D2A3CA322004851A9 /* MyMoviesUITestsLaunchTests.swift */,
			);
			path = MyMoviesUITests;
			sourceTree = "<group>";
		};
		1E579F9A2A3CA7D4004851A9 /* Resources */ = {
			isa = PBXGroup;
			children = (
				1E579F732A3CA321004851A9 /* Assets.xcassets */,
				1E38D90F2A3D368A00F26374 /* Colors.xcassets */,
			);
			path = Resources;
			sourceTree = "<group>";
		};
		1E579F9B2A3CA7E6004851A9 /* Networking */ = {
			isa = PBXGroup;
			children = (
				1E579FB52A3CB07B004851A9 /* APIEndpoint.swift */,
				1E579FB72A3CB089004851A9 /* APIClient.swift */,
			);
			path = Networking;
			sourceTree = "<group>";
		};
		1E579F9D2A3CA831004851A9 /* Common */ = {
			isa = PBXGroup;
			children = (
				1E38D8FD2A3D32AA00F26374 /* Fonts */,
				1E579FA42A3CA97A004851A9 /* Helpers */,
				1E579F9F2A3CA922004851A9 /* Extensions */,
			);
			path = Common;
			sourceTree = "<group>";
		};
		1E579F9F2A3CA922004851A9 /* Extensions */ = {
			isa = PBXGroup;
			children = (
				1E38D8F92A3D2BE700F26374 /* UITableView+Extensions.swift */,
				1E38D8FB2A3D2FE300F26374 /* UINavigationBar+Extensions.swift */,
				1E38D9112A3D388600F26374 /* UIImageView+Extensions.swift */,
				1E38D9172A3D441700F26374 /* UIViewController+Extensions.swift */,
				1E08C02F2A3DEBAB00E9E000 /* UIStoryboard+Extensions.swift */,
				1E08C0332A3DEDDF00E9E000 /* UINavigationItem+Extensions.swift */,
			);
			path = Extensions;
			sourceTree = "<group>";
		};
		1E579FA42A3CA97A004851A9 /* Helpers */ = {
			isa = PBXGroup;
			children = (
				1E579FBF2A3CB677004851A9 /* Constants.swift */,
				1E38D9082A3D33C400F26374 /* Enums.swift */,
				1E38D90A2A3D33F500F26374 /* Utilities.swift */,
				1E38D90C2A3D364D00F26374 /* ColorManager.swift */,
				1E38D9192A3D450D00F26374 /* Strings.swift */,
			);
			path = Helpers;
			sourceTree = "<group>";
		};
		1E579FAC2A3CAA29004851A9 /* ViewModels */ = {
			isa = PBXGroup;
			children = (
				1E579FB32A3CAB4F004851A9 /* MovieViewModel.swift */,
			);
			path = ViewModels;
			sourceTree = "<group>";
		};
		1E579FAD2A3CAA34004851A9 /* Views */ = {
			isa = PBXGroup;
			children = (
				1E579FB92A3CB378004851A9 /* Main */,
				1E579FBA2A3CB399004851A9 /* MovieDetails */,
			);
			path = Views;
			sourceTree = "<group>";
		};
		1E579FAE2A3CAA3E004851A9 /* Models */ = {
			isa = PBXGroup;
			children = (
				1E579FC12A3CBF40004851A9 /* Movie.swift */,
			);
			path = Models;
			sourceTree = "<group>";
		};
		1E579FB92A3CB378004851A9 /* Main */ = {
			isa = PBXGroup;
			children = (
				1E579F6D2A3CA31F004851A9 /* Main.storyboard */,
				1E579FBD2A3CB3F9004851A9 /* HomeViewController.swift */,
				1E38D8F52A3D27D600F26374 /* MovieCell.xib */,
				1E38D8F72A3D2B0300F26374 /* MovieCell.swift */,
				1E38D9152A3D410400F26374 /* LoadingIndicatorView.swift */,
			);
			path = Main;
			sourceTree = "<group>";
		};
		1E579FBA2A3CB399004851A9 /* MovieDetails */ = {
			isa = PBXGroup;
			children = (
				1E579FBB2A3CB3B6004851A9 /* MovieDetails.storyboard */,
				1E08C0312A3DED5C00E9E000 /* MovieDetailsViewController.swift */,
			);
			path = MovieDetails;
			sourceTree = "<group>";
		};
		2208138082E9FB701DCB0372 /* Frameworks */ = {
			isa = PBXGroup;
			children = (
				8F079CC2CA3213B1D1991B5B /* Pods_MyMovies.framework */,
				870C32E32D03361BE130F28B /* Pods_MyMovies_MyMoviesUITests.framework */,
				2E851307877E94ABCAA3DD2D /* Pods_MyMoviesTests.framework */,
			);
			name = Frameworks;
			sourceTree = "<group>";
		};
/* End PBXGroup section */

/* Begin PBXNativeTarget section */
		1E579F632A3CA31F004851A9 /* MyMovies */ = {
			isa = PBXNativeTarget;
			buildConfigurationList = 1E579F912A3CA322004851A9 /* Build configuration list for PBXNativeTarget "MyMovies" */;
			buildPhases = (
				32C31AC03BCBBC4D892C223D /* [CP] Check Pods Manifest.lock */,
				1E579F602A3CA31F004851A9 /* Sources */,
				1E579F612A3CA31F004851A9 /* Frameworks */,
				1E579F622A3CA31F004851A9 /* Resources */,
				51DD1A4DE8EF7E2EDD241743 /* [CP] Embed Pods Frameworks */,
			);
			buildRules = (
			);
			dependencies = (
			);
			name = MyMovies;
			packageProductDependencies = (
			);
			productName = MyMovies;
			productReference = 1E579F642A3CA31F004851A9 /* MyMovies.app */;
			productType = "com.apple.product-type.application";
		};
		1E579F7C2A3CA322004851A9 /* MyMoviesTests */ = {
			isa = PBXNativeTarget;
			buildConfigurationList = 1E579F942A3CA322004851A9 /* Build configuration list for PBXNativeTarget "MyMoviesTests" */;
			buildPhases = (
				47EA89A91FF84BBFB4923447 /* [CP] Check Pods Manifest.lock */,
				1E579F792A3CA322004851A9 /* Sources */,
				1E579F7A2A3CA322004851A9 /* Frameworks */,
				1E579F7B2A3CA322004851A9 /* Resources */,
			);
			buildRules = (
			);
			dependencies = (
				1E579F7F2A3CA322004851A9 /* PBXTargetDependency */,
			);
			name = MyMoviesTests;
			productName = MyMoviesTests;
			productReference = 1E579F7D2A3CA322004851A9 /* MyMoviesTests.xctest */;
			productType = "com.apple.product-type.bundle.unit-test";
		};
		1E579F862A3CA322004851A9 /* MyMoviesUITests */ = {
			isa = PBXNativeTarget;
			buildConfigurationList = 1E579F972A3CA322004851A9 /* Build configuration list for PBXNativeTarget "MyMoviesUITests" */;
			buildPhases = (
				40189D5383324E72FEC4470C /* [CP] Check Pods Manifest.lock */,
				1E579F832A3CA322004851A9 /* Sources */,
				1E579F842A3CA322004851A9 /* Frameworks */,
				1E579F852A3CA322004851A9 /* Resources */,
				3AE7A02EB3ACAE25E7BEEAE3 /* [CP] Embed Pods Frameworks */,
			);
			buildRules = (
			);
			dependencies = (
				1E579F892A3CA322004851A9 /* PBXTargetDependency */,
			);
			name = MyMoviesUITests;
			productName = MyMoviesUITests;
			productReference = 1E579F872A3CA322004851A9 /* MyMoviesUITests.xctest */;
			productType = "com.apple.product-type.bundle.ui-testing";
		};
/* End PBXNativeTarget section */

/* Begin PBXProject section */
		1E579F5C2A3CA31F004851A9 /* Project object */ = {
			isa = PBXProject;
			attributes = {
				BuildIndependentTargetsInParallel = 1;
				LastSwiftUpdateCheck = 1430;
				LastUpgradeCheck = 1430;
				TargetAttributes = {
					1E579F632A3CA31F004851A9 = {
						CreatedOnToolsVersion = 14.3;
					};
					1E579F7C2A3CA322004851A9 = {
						CreatedOnToolsVersion = 14.3;
						TestTargetID = 1E579F632A3CA31F004851A9;
					};
					1E579F862A3CA322004851A9 = {
						CreatedOnToolsVersion = 14.3;
						TestTargetID = 1E579F632A3CA31F004851A9;
					};
				};
			};
			buildConfigurationList = 1E579F5F2A3CA31F004851A9 /* Build configuration list for PBXProject "MyMovies" */;
			compatibilityVersion = "Xcode 14.0";
			developmentRegion = en;
			hasScannedForEncodings = 0;
			knownRegions = (
				en,
				Base,
			);
			mainGroup = 1E579F5B2A3CA31F004851A9;
			packageReferences = (
			);
			productRefGroup = 1E579F652A3CA31F004851A9 /* Products */;
			projectDirPath = "";
			projectRoot = "";
			targets = (
				1E579F632A3CA31F004851A9 /* MyMovies */,
				1E579F7C2A3CA322004851A9 /* MyMoviesTests */,
				1E579F862A3CA322004851A9 /* MyMoviesUITests */,
			);
		};
/* End PBXProject section */

/* Begin PBXResourcesBuildPhase section */
		1E579F622A3CA31F004851A9 /* Resources */ = {
			isa = PBXResourcesBuildPhase;
			buildActionMask = 2147483647;
			files = (
				1E38D9042A3D32E300F26374 /* Poppins-Light.ttf in Resources */,
				1E579FBC2A3CB3B6004851A9 /* MovieDetails.storyboard in Resources */,
				1E38D9102A3D368A00F26374 /* Colors.xcassets in Resources */,
				1E38D9032A3D32E300F26374 /* Poppins-Bold.ttf in Resources */,
				1E579F772A3CA321004851A9 /* LaunchScreen.storyboard in Resources */,
				1E579F742A3CA321004851A9 /* Assets.xcassets in Resources */,
				1E38D9052A3D32E300F26374 /* Poppins-Medium.ttf in Resources */,
				1E38D9062A3D32E300F26374 /* Poppins-SemiBold.ttf in Resources */,
				1E579F6F2A3CA31F004851A9 /* Main.storyboard in Resources */,
				1E38D8F62A3D27D600F26374 /* MovieCell.xib in Resources */,
				1E38D9072A3D32E300F26374 /* Poppins-Regular.ttf in Resources */,
			);
			runOnlyForDeploymentPostprocessing = 0;
		};
		1E579F7B2A3CA322004851A9 /* Resources */ = {
			isa = PBXResourcesBuildPhase;
			buildActionMask = 2147483647;
			files = (
			);
			runOnlyForDeploymentPostprocessing = 0;
		};
		1E579F852A3CA322004851A9 /* Resources */ = {
			isa = PBXResourcesBuildPhase;
			buildActionMask = 2147483647;
			files = (
			);
			runOnlyForDeploymentPostprocessing = 0;
		};
/* End PBXResourcesBuildPhase section */

/* Begin PBXShellScriptBuildPhase section */
		32C31AC03BCBBC4D892C223D /* [CP] Check Pods Manifest.lock */ = {
			isa = PBXShellScriptBuildPhase;
			buildActionMask = 2147483647;
			files = (
			);
			inputFileListPaths = (
			);
			inputPaths = (
				"${PODS_PODFILE_DIR_PATH}/Podfile.lock",
				"${PODS_ROOT}/Manifest.lock",
			);
			name = "[CP] Check Pods Manifest.lock";
			outputFileListPaths = (
			);
			outputPaths = (
				"$(DERIVED_FILE_DIR)/Pods-MyMovies-checkManifestLockResult.txt",
			);
			runOnlyForDeploymentPostprocessing = 0;
			shellPath = /bin/sh;
			shellScript = "diff \"${PODS_PODFILE_DIR_PATH}/Podfile.lock\" \"${PODS_ROOT}/Manifest.lock\" > /dev/null\nif [ $? != 0 ] ; then\n    # print error to STDERR\n    echo \"error: The sandbox is not in sync with the Podfile.lock. Run 'pod install' or update your CocoaPods installation.\" >&2\n    exit 1\nfi\n# This output is used by Xcode 'outputs' to avoid re-running this script phase.\necho \"SUCCESS\" > \"${SCRIPT_OUTPUT_FILE_0}\"\n";
			showEnvVarsInLog = 0;
		};
		3AE7A02EB3ACAE25E7BEEAE3 /* [CP] Embed Pods Frameworks */ = {
			isa = PBXShellScriptBuildPhase;
			buildActionMask = 2147483647;
			files = (
			);
			inputFileListPaths = (
				"${PODS_ROOT}/Target Support Files/Pods-MyMovies-MyMoviesUITests/Pods-MyMovies-MyMoviesUITests-frameworks-${CONFIGURATION}-input-files.xcfilelist",
			);
			name = "[CP] Embed Pods Frameworks";
			outputFileListPaths = (
				"${PODS_ROOT}/Target Support Files/Pods-MyMovies-MyMoviesUITests/Pods-MyMovies-MyMoviesUITests-frameworks-${CONFIGURATION}-output-files.xcfilelist",
			);
			runOnlyForDeploymentPostprocessing = 0;
			shellPath = /bin/sh;
			shellScript = "\"${PODS_ROOT}/Target Support Files/Pods-MyMovies-MyMoviesUITests/Pods-MyMovies-MyMoviesUITests-frameworks.sh\"\n";
			showEnvVarsInLog = 0;
		};
		40189D5383324E72FEC4470C /* [CP] Check Pods Manifest.lock */ = {
			isa = PBXShellScriptBuildPhase;
			buildActionMask = 2147483647;
			files = (
			);
			inputFileListPaths = (
			);
			inputPaths = (
				"${PODS_PODFILE_DIR_PATH}/Podfile.lock",
				"${PODS_ROOT}/Manifest.lock",
			);
			name = "[CP] Check Pods Manifest.lock";
			outputFileListPaths = (
			);
			outputPaths = (
				"$(DERIVED_FILE_DIR)/Pods-MyMovies-MyMoviesUITests-checkManifestLockResult.txt",
			);
			runOnlyForDeploymentPostprocessing = 0;
			shellPath = /bin/sh;
			shellScript = "diff \"${PODS_PODFILE_DIR_PATH}/Podfile.lock\" \"${PODS_ROOT}/Manifest.lock\" > /dev/null\nif [ $? != 0 ] ; then\n    # print error to STDERR\n    echo \"error: The sandbox is not in sync with the Podfile.lock. Run 'pod install' or update your CocoaPods installation.\" >&2\n    exit 1\nfi\n# This output is used by Xcode 'outputs' to avoid re-running this script phase.\necho \"SUCCESS\" > \"${SCRIPT_OUTPUT_FILE_0}\"\n";
			showEnvVarsInLog = 0;
		};
		47EA89A91FF84BBFB4923447 /* [CP] Check Pods Manifest.lock */ = {
			isa = PBXShellScriptBuildPhase;
			buildActionMask = 2147483647;
			files = (
			);
			inputFileListPaths = (
			);
			inputPaths = (
				"${PODS_PODFILE_DIR_PATH}/Podfile.lock",
				"${PODS_ROOT}/Manifest.lock",
			);
			name = "[CP] Check Pods Manifest.lock";
			outputFileListPaths = (
			);
			outputPaths = (
				"$(DERIVED_FILE_DIR)/Pods-MyMoviesTests-checkManifestLockResult.txt",
			);
			runOnlyForDeploymentPostprocessing = 0;
			shellPath = /bin/sh;
			shellScript = "diff \"${PODS_PODFILE_DIR_PATH}/Podfile.lock\" \"${PODS_ROOT}/Manifest.lock\" > /dev/null\nif [ $? != 0 ] ; then\n    # print error to STDERR\n    echo \"error: The sandbox is not in sync with the Podfile.lock. Run 'pod install' or update your CocoaPods installation.\" >&2\n    exit 1\nfi\n# This output is used by Xcode 'outputs' to avoid re-running this script phase.\necho \"SUCCESS\" > \"${SCRIPT_OUTPUT_FILE_0}\"\n";
			showEnvVarsInLog = 0;
		};
		51DD1A4DE8EF7E2EDD241743 /* [CP] Embed Pods Frameworks */ = {
			isa = PBXShellScriptBuildPhase;
			buildActionMask = 2147483647;
			files = (
			);
			inputFileListPaths = (
				"${PODS_ROOT}/Target Support Files/Pods-MyMovies/Pods-MyMovies-frameworks-${CONFIGURATION}-input-files.xcfilelist",
			);
			name = "[CP] Embed Pods Frameworks";
			outputFileListPaths = (
				"${PODS_ROOT}/Target Support Files/Pods-MyMovies/Pods-MyMovies-frameworks-${CONFIGURATION}-output-files.xcfilelist",
			);
			runOnlyForDeploymentPostprocessing = 0;
			shellPath = /bin/sh;
			shellScript = "\"${PODS_ROOT}/Target Support Files/Pods-MyMovies/Pods-MyMovies-frameworks.sh\"\n";
			showEnvVarsInLog = 0;
		};
/* End PBXShellScriptBuildPhase section */

/* Begin PBXSourcesBuildPhase section */
		1E579F602A3CA31F004851A9 /* Sources */ = {
			isa = PBXSourcesBuildPhase;
			buildActionMask = 2147483647;
			files = (
				1E579F682A3CA31F004851A9 /* AppDelegate.swift in Sources */,
				1E38D8FA2A3D2BE700F26374 /* UITableView+Extensions.swift in Sources */,
				1E579FB42A3CAB4F004851A9 /* MovieViewModel.swift in Sources */,
				1E38D9092A3D33C400F26374 /* Enums.swift in Sources */,
				1E38D90B2A3D33F500F26374 /* Utilities.swift in Sources */,
				1E38D90D2A3D364D00F26374 /* ColorManager.swift in Sources */,
				1E579FB82A3CB089004851A9 /* APIClient.swift in Sources */,
				1E38D8FC2A3D2FE300F26374 /* UINavigationBar+Extensions.swift in Sources */,
				1E38D9122A3D388600F26374 /* UIImageView+Extensions.swift in Sources */,
				1E579F722A3CA320004851A9 /* MyMovies.xcdatamodeld in Sources */,
				1E38D9162A3D410400F26374 /* LoadingIndicatorView.swift in Sources */,
				1E08C0342A3DEDE000E9E000 /* UINavigationItem+Extensions.swift in Sources */,
				1E38D91A2A3D450D00F26374 /* Strings.swift in Sources */,
				1E579FBE2A3CB3F9004851A9 /* HomeViewController.swift in Sources */,
				1E08C0322A3DED5C00E9E000 /* MovieDetailsViewController.swift in Sources */,
				1E08C0302A3DEBAB00E9E000 /* UIStoryboard+Extensions.swift in Sources */,
				1E38D8F82A3D2B0300F26374 /* MovieCell.swift in Sources */,
				1E38D9182A3D441700F26374 /* UIViewController+Extensions.swift in Sources */,
				1E579FC22A3CBF40004851A9 /* Movie.swift in Sources */,
				1E579F6A2A3CA31F004851A9 /* SceneDelegate.swift in Sources */,
				1E579FB62A3CB07B004851A9 /* APIEndpoint.swift in Sources */,
				1E579FC02A3CB677004851A9 /* Constants.swift in Sources */,
			);
			runOnlyForDeploymentPostprocessing = 0;
		};
		1E579F792A3CA322004851A9 /* Sources */ = {
			isa = PBXSourcesBuildPhase;
			buildActionMask = 2147483647;
			files = (
				1E579F822A3CA322004851A9 /* MyMoviesTests.swift in Sources */,
			);
			runOnlyForDeploymentPostprocessing = 0;
		};
		1E579F832A3CA322004851A9 /* Sources */ = {
			isa = PBXSourcesBuildPhase;
			buildActionMask = 2147483647;
			files = (
				1E579F8E2A3CA322004851A9 /* MyMoviesUITestsLaunchTests.swift in Sources */,
				1E579F8C2A3CA322004851A9 /* MyMoviesUITests.swift in Sources */,
			);
			runOnlyForDeploymentPostprocessing = 0;
		};
/* End PBXSourcesBuildPhase section */

/* Begin PBXTargetDependency section */
		1E579F7F2A3CA322004851A9 /* PBXTargetDependency */ = {
			isa = PBXTargetDependency;
			target = 1E579F632A3CA31F004851A9 /* MyMovies */;
			targetProxy = 1E579F7E2A3CA322004851A9 /* PBXContainerItemProxy */;
		};
		1E579F892A3CA322004851A9 /* PBXTargetDependency */ = {
			isa = PBXTargetDependency;
			target = 1E579F632A3CA31F004851A9 /* MyMovies */;
			targetProxy = 1E579F882A3CA322004851A9 /* PBXContainerItemProxy */;
		};
/* End PBXTargetDependency section */

/* Begin PBXVariantGroup section */
		1E579F6D2A3CA31F004851A9 /* Main.storyboard */ = {
			isa = PBXVariantGroup;
			children = (
				1E579F6E2A3CA31F004851A9 /* Base */,
			);
			name = Main.storyboard;
			sourceTree = "<group>";
		};
		1E579F752A3CA321004851A9 /* LaunchScreen.storyboard */ = {
			isa = PBXVariantGroup;
			children = (
				1E579F762A3CA321004851A9 /* Base */,
			);
			name = LaunchScreen.storyboard;
			sourceTree = "<group>";
		};
/* End PBXVariantGroup section */

/* Begin XCBuildConfiguration section */
		1E579F8F2A3CA322004851A9 /* Debug */ = {
			isa = XCBuildConfiguration;
			buildSettings = {
				ALWAYS_SEARCH_USER_PATHS = NO;
				CLANG_ANALYZER_NONNULL = YES;
				CLANG_ANALYZER_NUMBER_OBJECT_CONVERSION = YES_AGGRESSIVE;
				CLANG_CXX_LANGUAGE_STANDARD = "gnu++20";
				CLANG_ENABLE_MODULES = YES;
				CLANG_ENABLE_OBJC_ARC = YES;
				CLANG_ENABLE_OBJC_WEAK = YES;
				CLANG_WARN_BLOCK_CAPTURE_AUTORELEASING = YES;
				CLANG_WARN_BOOL_CONVERSION = YES;
				CLANG_WARN_COMMA = YES;
				CLANG_WARN_CONSTANT_CONVERSION = YES;
				CLANG_WARN_DEPRECATED_OBJC_IMPLEMENTATIONS = YES;
				CLANG_WARN_DIRECT_OBJC_ISA_USAGE = YES_ERROR;
				CLANG_WARN_DOCUMENTATION_COMMENTS = YES;
				CLANG_WARN_EMPTY_BODY = YES;
				CLANG_WARN_ENUM_CONVERSION = YES;
				CLANG_WARN_INFINITE_RECURSION = YES;
				CLANG_WARN_INT_CONVERSION = YES;
				CLANG_WARN_NON_LITERAL_NULL_CONVERSION = YES;
				CLANG_WARN_OBJC_IMPLICIT_RETAIN_SELF = YES;
				CLANG_WARN_OBJC_LITERAL_CONVERSION = YES;
				CLANG_WARN_OBJC_ROOT_CLASS = YES_ERROR;
				CLANG_WARN_QUOTED_INCLUDE_IN_FRAMEWORK_HEADER = YES;
				CLANG_WARN_RANGE_LOOP_ANALYSIS = YES;
				CLANG_WARN_STRICT_PROTOTYPES = YES;
				CLANG_WARN_SUSPICIOUS_MOVE = YES;
				CLANG_WARN_UNGUARDED_AVAILABILITY = YES_AGGRESSIVE;
				CLANG_WARN_UNREACHABLE_CODE = YES;
				CLANG_WARN__DUPLICATE_METHOD_MATCH = YES;
				COPY_PHASE_STRIP = NO;
				DEBUG_INFORMATION_FORMAT = dwarf;
				ENABLE_STRICT_OBJC_MSGSEND = YES;
				ENABLE_TESTABILITY = YES;
				GCC_C_LANGUAGE_STANDARD = gnu11;
				GCC_DYNAMIC_NO_PIC = NO;
				GCC_NO_COMMON_BLOCKS = YES;
				GCC_OPTIMIZATION_LEVEL = 0;
				GCC_PREPROCESSOR_DEFINITIONS = (
					"DEBUG=1",
					"$(inherited)",
				);
				GCC_WARN_64_TO_32_BIT_CONVERSION = YES;
				GCC_WARN_ABOUT_RETURN_TYPE = YES_ERROR;
				GCC_WARN_UNDECLARED_SELECTOR = YES;
				GCC_WARN_UNINITIALIZED_AUTOS = YES_AGGRESSIVE;
				GCC_WARN_UNUSED_FUNCTION = YES;
				GCC_WARN_UNUSED_VARIABLE = YES;
				IPHONEOS_DEPLOYMENT_TARGET = 16.4;
				MTL_ENABLE_DEBUG_INFO = INCLUDE_SOURCE;
				MTL_FAST_MATH = YES;
				ONLY_ACTIVE_ARCH = YES;
				SDKROOT = iphoneos;
				SWIFT_ACTIVE_COMPILATION_CONDITIONS = DEBUG;
				SWIFT_OPTIMIZATION_LEVEL = "-Onone";
			};
			name = Debug;
		};
		1E579F902A3CA322004851A9 /* Release */ = {
			isa = XCBuildConfiguration;
			buildSettings = {
				ALWAYS_SEARCH_USER_PATHS = NO;
				CLANG_ANALYZER_NONNULL = YES;
				CLANG_ANALYZER_NUMBER_OBJECT_CONVERSION = YES_AGGRESSIVE;
				CLANG_CXX_LANGUAGE_STANDARD = "gnu++20";
				CLANG_ENABLE_MODULES = YES;
				CLANG_ENABLE_OBJC_ARC = YES;
				CLANG_ENABLE_OBJC_WEAK = YES;
				CLANG_WARN_BLOCK_CAPTURE_AUTORELEASING = YES;
				CLANG_WARN_BOOL_CONVERSION = YES;
				CLANG_WARN_COMMA = YES;
				CLANG_WARN_CONSTANT_CONVERSION = YES;
				CLANG_WARN_DEPRECATED_OBJC_IMPLEMENTATIONS = YES;
				CLANG_WARN_DIRECT_OBJC_ISA_USAGE = YES_ERROR;
				CLANG_WARN_DOCUMENTATION_COMMENTS = YES;
				CLANG_WARN_EMPTY_BODY = YES;
				CLANG_WARN_ENUM_CONVERSION = YES;
				CLANG_WARN_INFINITE_RECURSION = YES;
				CLANG_WARN_INT_CONVERSION = YES;
				CLANG_WARN_NON_LITERAL_NULL_CONVERSION = YES;
				CLANG_WARN_OBJC_IMPLICIT_RETAIN_SELF = YES;
				CLANG_WARN_OBJC_LITERAL_CONVERSION = YES;
				CLANG_WARN_OBJC_ROOT_CLASS = YES_ERROR;
				CLANG_WARN_QUOTED_INCLUDE_IN_FRAMEWORK_HEADER = YES;
				CLANG_WARN_RANGE_LOOP_ANALYSIS = YES;
				CLANG_WARN_STRICT_PROTOTYPES = YES;
				CLANG_WARN_SUSPICIOUS_MOVE = YES;
				CLANG_WARN_UNGUARDED_AVAILABILITY = YES_AGGRESSIVE;
				CLANG_WARN_UNREACHABLE_CODE = YES;
				CLANG_WARN__DUPLICATE_METHOD_MATCH = YES;
				COPY_PHASE_STRIP = NO;
				DEBUG_INFORMATION_FORMAT = "dwarf-with-dsym";
				ENABLE_NS_ASSERTIONS = NO;
				ENABLE_STRICT_OBJC_MSGSEND = YES;
				GCC_C_LANGUAGE_STANDARD = gnu11;
				GCC_NO_COMMON_BLOCKS = YES;
				GCC_WARN_64_TO_32_BIT_CONVERSION = YES;
				GCC_WARN_ABOUT_RETURN_TYPE = YES_ERROR;
				GCC_WARN_UNDECLARED_SELECTOR = YES;
				GCC_WARN_UNINITIALIZED_AUTOS = YES_AGGRESSIVE;
				GCC_WARN_UNUSED_FUNCTION = YES;
				GCC_WARN_UNUSED_VARIABLE = YES;
				IPHONEOS_DEPLOYMENT_TARGET = 16.4;
				MTL_ENABLE_DEBUG_INFO = NO;
				MTL_FAST_MATH = YES;
				SDKROOT = iphoneos;
				SWIFT_COMPILATION_MODE = wholemodule;
				SWIFT_OPTIMIZATION_LEVEL = "-O";
				VALIDATE_PRODUCT = YES;
			};
			name = Release;
		};
		1E579F922A3CA322004851A9 /* Debug */ = {
			isa = XCBuildConfiguration;
			baseConfigurationReference = E50C6F52D5E72E6910C79504 /* Pods-MyMovies.debug.xcconfig */;
			buildSettings = {
				ASSETCATALOG_COMPILER_APPICON_NAME = AppIcon;
				ASSETCATALOG_COMPILER_GLOBAL_ACCENT_COLOR_NAME = AccentColor;
				CODE_SIGN_STYLE = Automatic;
				CURRENT_PROJECT_VERSION = 1;
				DEVELOPMENT_TEAM = 2YT38TNTWX;
				GENERATE_INFOPLIST_FILE = YES;
				INFOPLIST_FILE = MyMovies/Info.plist;
				INFOPLIST_KEY_UIApplicationSupportsIndirectInputEvents = YES;
				INFOPLIST_KEY_UILaunchStoryboardName = LaunchScreen;
				INFOPLIST_KEY_UIMainStoryboardFile = Main;
				INFOPLIST_KEY_UISupportedInterfaceOrientations_iPad = "UIInterfaceOrientationPortrait UIInterfaceOrientationPortraitUpsideDown UIInterfaceOrientationLandscapeLeft UIInterfaceOrientationLandscapeRight";
				INFOPLIST_KEY_UISupportedInterfaceOrientations_iPhone = "UIInterfaceOrientationPortrait UIInterfaceOrientationLandscapeLeft UIInterfaceOrientationLandscapeRight";
				INFOPLIST_KEY_UIUserInterfaceStyle = Light;
				LD_RUNPATH_SEARCH_PATHS = (
					"$(inherited)",
					"@executable_path/Frameworks",
				);
				MARKETING_VERSION = 1.0;
				PRODUCT_BUNDLE_IDENTIFIER = com.teknasyon.MyMovies;
				PRODUCT_NAME = "$(TARGET_NAME)";
				SWIFT_EMIT_LOC_STRINGS = YES;
				SWIFT_VERSION = 5.0;
				TARGETED_DEVICE_FAMILY = "1,2";
			};
			name = Debug;
		};
		1E579F932A3CA322004851A9 /* Release */ = {
			isa = XCBuildConfiguration;
			baseConfigurationReference = E53061D958027E56517F3BE7 /* Pods-MyMovies.release.xcconfig */;
			buildSettings = {
				ASSETCATALOG_COMPILER_APPICON_NAME = AppIcon;
				ASSETCATALOG_COMPILER_GLOBAL_ACCENT_COLOR_NAME = AccentColor;
				CODE_SIGN_STYLE = Automatic;
				CURRENT_PROJECT_VERSION = 1;
				DEVELOPMENT_TEAM = 2YT38TNTWX;
				GENERATE_INFOPLIST_FILE = YES;
				INFOPLIST_FILE = MyMovies/Info.plist;
				INFOPLIST_KEY_UIApplicationSupportsIndirectInputEvents = YES;
				INFOPLIST_KEY_UILaunchStoryboardName = LaunchScreen;
				INFOPLIST_KEY_UIMainStoryboardFile = Main;
				INFOPLIST_KEY_UISupportedInterfaceOrientations_iPad = "UIInterfaceOrientationPortrait UIInterfaceOrientationPortraitUpsideDown UIInterfaceOrientationLandscapeLeft UIInterfaceOrientationLandscapeRight";
				INFOPLIST_KEY_UISupportedInterfaceOrientations_iPhone = "UIInterfaceOrientationPortrait UIInterfaceOrientationLandscapeLeft UIInterfaceOrientationLandscapeRight";
				INFOPLIST_KEY_UIUserInterfaceStyle = Light;
				LD_RUNPATH_SEARCH_PATHS = (
					"$(inherited)",
					"@executable_path/Frameworks",
				);
				MARKETING_VERSION = 1.0;
				PRODUCT_BUNDLE_IDENTIFIER = com.teknasyon.MyMovies;
				PRODUCT_NAME = "$(TARGET_NAME)";
				SWIFT_EMIT_LOC_STRINGS = YES;
				SWIFT_VERSION = 5.0;
				TARGETED_DEVICE_FAMILY = "1,2";
			};
			name = Release;
		};
		1E579F952A3CA322004851A9 /* Debug */ = {
			isa = XCBuildConfiguration;
			baseConfigurationReference = 75141BE238774EFD6B4C1312 /* Pods-MyMoviesTests.debug.xcconfig */;
			buildSettings = {
				ALWAYS_EMBED_SWIFT_STANDARD_LIBRARIES = YES;
				BUNDLE_LOADER = "$(TEST_HOST)";
				CODE_SIGN_STYLE = Automatic;
				CURRENT_PROJECT_VERSION = 1;
				DEVELOPMENT_TEAM = 2YT38TNTWX;
				GENERATE_INFOPLIST_FILE = YES;
				IPHONEOS_DEPLOYMENT_TARGET = 16.4;
				MARKETING_VERSION = 1.0;
				PRODUCT_BUNDLE_IDENTIFIER = com.teknasyon.MyMoviesTests;
				PRODUCT_NAME = "$(TARGET_NAME)";
				SWIFT_EMIT_LOC_STRINGS = NO;
				SWIFT_VERSION = 5.0;
				TARGETED_DEVICE_FAMILY = "1,2";
				TEST_HOST = "$(BUILT_PRODUCTS_DIR)/MyMovies.app/$(BUNDLE_EXECUTABLE_FOLDER_PATH)/MyMovies";
			};
			name = Debug;
		};
		1E579F962A3CA322004851A9 /* Release */ = {
			isa = XCBuildConfiguration;
			baseConfigurationReference = 535F77BD362C57931B740094 /* Pods-MyMoviesTests.release.xcconfig */;
			buildSettings = {
				ALWAYS_EMBED_SWIFT_STANDARD_LIBRARIES = YES;
				BUNDLE_LOADER = "$(TEST_HOST)";
				CODE_SIGN_STYLE = Automatic;
				CURRENT_PROJECT_VERSION = 1;
				DEVELOPMENT_TEAM = 2YT38TNTWX;
				GENERATE_INFOPLIST_FILE = YES;
				IPHONEOS_DEPLOYMENT_TARGET = 16.4;
				MARKETING_VERSION = 1.0;
				PRODUCT_BUNDLE_IDENTIFIER = com.teknasyon.MyMoviesTests;
				PRODUCT_NAME = "$(TARGET_NAME)";
				SWIFT_EMIT_LOC_STRINGS = NO;
				SWIFT_VERSION = 5.0;
				TARGETED_DEVICE_FAMILY = "1,2";
				TEST_HOST = "$(BUILT_PRODUCTS_DIR)/MyMovies.app/$(BUNDLE_EXECUTABLE_FOLDER_PATH)/MyMovies";
			};
			name = Release;
		};
		1E579F982A3CA322004851A9 /* Debug */ = {
			isa = XCBuildConfiguration;
			baseConfigurationReference = C503137511ABB87B7EF60D50 /* Pods-MyMovies-MyMoviesUITests.debug.xcconfig */;
			buildSettings = {
				ALWAYS_EMBED_SWIFT_STANDARD_LIBRARIES = YES;
				CODE_SIGN_STYLE = Automatic;
				CURRENT_PROJECT_VERSION = 1;
				DEVELOPMENT_TEAM = 2YT38TNTWX;
				GENERATE_INFOPLIST_FILE = YES;
				MARKETING_VERSION = 1.0;
				PRODUCT_BUNDLE_IDENTIFIER = com.teknasyon.MyMoviesUITests;
				PRODUCT_NAME = "$(TARGET_NAME)";
				SWIFT_EMIT_LOC_STRINGS = NO;
				SWIFT_VERSION = 5.0;
				TARGETED_DEVICE_FAMILY = "1,2";
				TEST_TARGET_NAME = MyMovies;
			};
			name = Debug;
		};
		1E579F992A3CA322004851A9 /* Release */ = {
			isa = XCBuildConfiguration;
			baseConfigurationReference = 0F1EEF73ACEC6BD95B110356 /* Pods-MyMovies-MyMoviesUITests.release.xcconfig */;
			buildSettings = {
				ALWAYS_EMBED_SWIFT_STANDARD_LIBRARIES = YES;
				CODE_SIGN_STYLE = Automatic;
				CURRENT_PROJECT_VERSION = 1;
				DEVELOPMENT_TEAM = 2YT38TNTWX;
				GENERATE_INFOPLIST_FILE = YES;
				MARKETING_VERSION = 1.0;
				PRODUCT_BUNDLE_IDENTIFIER = com.teknasyon.MyMoviesUITests;
				PRODUCT_NAME = "$(TARGET_NAME)";
				SWIFT_EMIT_LOC_STRINGS = NO;
				SWIFT_VERSION = 5.0;
				TARGETED_DEVICE_FAMILY = "1,2";
				TEST_TARGET_NAME = MyMovies;
			};
			name = Release;
		};
/* End XCBuildConfiguration section */

/* Begin XCConfigurationList section */
		1E579F5F2A3CA31F004851A9 /* Build configuration list for PBXProject "MyMovies" */ = {
			isa = XCConfigurationList;
			buildConfigurations = (
				1E579F8F2A3CA322004851A9 /* Debug */,
				1E579F902A3CA322004851A9 /* Release */,
			);
			defaultConfigurationIsVisible = 0;
			defaultConfigurationName = Release;
		};
		1E579F912A3CA322004851A9 /* Build configuration list for PBXNativeTarget "MyMovies" */ = {
			isa = XCConfigurationList;
			buildConfigurations = (
				1E579F922A3CA322004851A9 /* Debug */,
				1E579F932A3CA322004851A9 /* Release */,
			);
			defaultConfigurationIsVisible = 0;
			defaultConfigurationName = Release;
		};
		1E579F942A3CA322004851A9 /* Build configuration list for PBXNativeTarget "MyMoviesTests" */ = {
			isa = XCConfigurationList;
			buildConfigurations = (
				1E579F952A3CA322004851A9 /* Debug */,
				1E579F962A3CA322004851A9 /* Release */,
			);
			defaultConfigurationIsVisible = 0;
			defaultConfigurationName = Release;
		};
		1E579F972A3CA322004851A9 /* Build configuration list for PBXNativeTarget "MyMoviesUITests" */ = {
			isa = XCConfigurationList;
			buildConfigurations = (
				1E579F982A3CA322004851A9 /* Debug */,
				1E579F992A3CA322004851A9 /* Release */,
			);
			defaultConfigurationIsVisible = 0;
			defaultConfigurationName = Release;
		};
/* End XCConfigurationList section */

/* Begin XCVersionGroup section */
		1E579F702A3CA320004851A9 /* MyMovies.xcdatamodeld */ = {
			isa = XCVersionGroup;
			children = (
				1E579F712A3CA320004851A9 /* MyMovies.xcdatamodel */,
			);
			currentVersion = 1E579F712A3CA320004851A9 /* MyMovies.xcdatamodel */;
			path = MyMovies.xcdatamodeld;
			sourceTree = "<group>";
			versionGroupType = wrapper.xcdatamodel;
		};
/* End XCVersionGroup section */
	};
	rootObject = 1E579F5C2A3CA31F004851A9 /* Project object */;
}
